
Microsoft Visual Studio Solution File, Format Version 12.00
# Visual Studio Version 16
VisualStudioVersion = 16.0.32413.511
MinimumVisualStudioVersion = 10.0.40219.1
Project("{FAE04EC0-301F-11D3-BF4B-00C04F79EFBC}") = "LearningDiary_DB_test", "LearningDiary_DB_test\LearningDiary_DB_test.csproj", "{AC5A1F9F-8CA3-41C8-B3A5-87AAADE1A2CF}"
EndProject
Global
	GlobalSection(SolutionConfigurationPlatforms) = preSolution
		Debug|Any CPU = Debug|Any CPU
		Release|Any CPU = Release|Any CPU
	EndGlobalSection
	GlobalSection(ProjectConfigurationPlatforms) = postSolution
		{AC5A1F9F-8CA3-41C8-B3A5-87AAADE1A2CF}.Debug|Any CPU.ActiveCfg = Debug|Any CPU
		{AC5A1F9F-8CA3-41C8-B3A5-87AAADE1A2CF}.Debug|Any CPU.Build.0 = Debug|Any CPU
		{AC5A1F9F-8CA3-41C8-B3A5-87AAADE1A2CF}.Release|Any CPU.ActiveCfg = Release|Any CPU
		{AC5A1F9F-8CA3-41C8-B3A5-87AAADE1A2CF}.Release|Any CPU.Build.0 = Release|Any CPU
	EndGlobalSection
	GlobalSection(SolutionProperties) = preSolution
		HideSolutionNode = FALSE
	EndGlobalSection
	GlobalSection(ExtensibilityGlobals) = postSolution
		SolutionGuid = {8B9A0423-3169-49A7-928F-E9C7FB61ACF8}
	EndGlobalSection
EndGlobal
